
Microsoft Visual Studio Solution File, Format Version 12.00
# Visual Studio 15
VisualStudioVersion = 15.0.28307.421
MinimumVisualStudioVersion = 10.0.40219.1
Project("{FAE04EC0-301F-11D3-BF4B-00C04F79EFBC}") = "NinjaDomain.Classes", "NinjaDomain.Classes\NinjaDomain.Classes.csproj", "{247348E6-3D29-4A44-8DD0-EABA8DF5A161}"
EndProject
Project("{FAE04EC0-301F-11D3-BF4B-00C04F79EFBC}") = "NinjaDomain.DataModel", "ClassLibrary1\NinjaDomain.DataModel.csproj", "{B9B2EE2A-FE96-426F-9C5B-A0637E4D7312}"
EndProject
Project("{2150E333-8FDC-42A3-9474-1A3956D46DE8}") = "Solution Items", "Solution Items", "{2213B869-01C1-449C-B655-A60D800DA75F}"
	ProjectSection(SolutionItems) = preProject
		.gitignore = .gitignore
	EndProjectSection
EndProject
Project("{FAE04EC0-301F-11D3-BF4B-00C04F79EFBC}") = "NinjaConsoleApplication", "NinjaConsoleApplication\NinjaConsoleApplication.csproj", "{D72D8FEE-8D25-4458-80AC-F57DF5E02002}"
EndProject
Global
	GlobalSection(SolutionConfigurationPlatforms) = preSolution
		Debug|Any CPU = Debug|Any CPU
		Release|Any CPU = Release|Any CPU
	EndGlobalSection
	GlobalSection(ProjectConfigurationPlatforms) = postSolution
		{247348E6-3D29-4A44-8DD0-EABA8DF5A161}.Debug|Any CPU.ActiveCfg = Debug|Any CPU
		{247348E6-3D29-4A44-8DD0-EABA8DF5A161}.Debug|Any CPU.Build.0 = Debug|Any CPU
		{247348E6-3D29-4A44-8DD0-EABA8DF5A161}.Release|Any CPU.ActiveCfg = Release|Any CPU
		{247348E6-3D29-4A44-8DD0-EABA8DF5A161}.Release|Any CPU.Build.0 = Release|Any CPU
		{B9B2EE2A-FE96-426F-9C5B-A0637E4D7312}.Debug|Any CPU.ActiveCfg = Debug|Any CPU
		{B9B2EE2A-FE96-426F-9C5B-A0637E4D7312}.Debug|Any CPU.Build.0 = Debug|Any CPU
		{B9B2EE2A-FE96-426F-9C5B-A0637E4D7312}.Release|Any CPU.ActiveCfg = Release|Any CPU
		{B9B2EE2A-FE96-426F-9C5B-A0637E4D7312}.Release|Any CPU.Build.0 = Release|Any CPU
		{D72D8FEE-8D25-4458-80AC-F57DF5E02002}.Debug|Any CPU.ActiveCfg = Debug|Any CPU
		{D72D8FEE-8D25-4458-80AC-F57DF5E02002}.Debug|Any CPU.Build.0 = Debug|Any CPU
		{D72D8FEE-8D25-4458-80AC-F57DF5E02002}.Release|Any CPU.ActiveCfg = Release|Any CPU
		{D72D8FEE-8D25-4458-80AC-F57DF5E02002}.Release|Any CPU.Build.0 = Release|Any CPU
	EndGlobalSection
	GlobalSection(SolutionProperties) = preSolution
		HideSolutionNode = FALSE
	EndGlobalSection
	GlobalSection(ExtensibilityGlobals) = postSolution
		SolutionGuid = {4D9DBFDD-A376-431D-86E1-F15FAF79A6E4}
	EndGlobalSection
EndGlobal
